
Microsoft Visual Studio Solution File, Format Version 12.00
# Visual Studio Version 17
VisualStudioVersion = 17.13.35828.75 d17.13
MinimumVisualStudioVersion = 10.0.40219.1
Project("{FAE04EC0-301F-11D3-BF4B-00C04F79EFBC}") = "MyStateMachine", "MyStateMachine\MyStateMachine.csproj", "{C5B41B3A-3BC1-46A9-B2BD-3222A54F3810}"
EndProject
Project("{FAE04EC0-301F-11D3-BF4B-00C04F79EFBC}") = "MyStateMachineLib", "MyStateMachineLib\MyStateMachineLib.csproj", "{1A3E44C6-1E5C-4A7C-A3BA-057A131C25F1}"
EndProject
Project("{FAE04EC0-301F-11D3-BF4B-00C04F79EFBC}") = "HelperLib", "..\HelperLib\HelperLib\HelperLib.csproj", "{52AA3971-2531-36D9-CA60-66F160C58F3A}"
EndProject
Global
	GlobalSection(SolutionConfigurationPlatforms) = preSolution
		Debug|Any CPU = Debug|Any CPU
		Release|Any CPU = Release|Any CPU
	EndGlobalSection
	GlobalSection(ProjectConfigurationPlatforms) = postSolution
		{C5B41B3A-3BC1-46A9-B2BD-3222A54F3810}.Debug|Any CPU.ActiveCfg = Debug|Any CPU
		{C5B41B3A-3BC1-46A9-B2BD-3222A54F3810}.Debug|Any CPU.Build.0 = Debug|Any CPU
		{C5B41B3A-3BC1-46A9-B2BD-3222A54F3810}.Release|Any CPU.ActiveCfg = Release|Any CPU
		{C5B41B3A-3BC1-46A9-B2BD-3222A54F3810}.Release|Any CPU.Build.0 = Release|Any CPU
		{1A3E44C6-1E5C-4A7C-A3BA-057A131C25F1}.Debug|Any CPU.ActiveCfg = Debug|Any CPU
		{1A3E44C6-1E5C-4A7C-A3BA-057A131C25F1}.Debug|Any CPU.Build.0 = Debug|Any CPU
		{1A3E44C6-1E5C-4A7C-A3BA-057A131C25F1}.Release|Any CPU.ActiveCfg = Release|Any CPU
		{1A3E44C6-1E5C-4A7C-A3BA-057A131C25F1}.Release|Any CPU.Build.0 = Release|Any CPU
		{52AA3971-2531-36D9-CA60-66F160C58F3A}.Debug|Any CPU.ActiveCfg = Debug|Any CPU
		{52AA3971-2531-36D9-CA60-66F160C58F3A}.Debug|Any CPU.Build.0 = Debug|Any CPU
		{52AA3971-2531-36D9-CA60-66F160C58F3A}.Release|Any CPU.ActiveCfg = Release|Any CPU
		{52AA3971-2531-36D9-CA60-66F160C58F3A}.Release|Any CPU.Build.0 = Release|Any CPU
	EndGlobalSection
	GlobalSection(SolutionProperties) = preSolution
		HideSolutionNode = FALSE
	EndGlobalSection
	GlobalSection(ExtensibilityGlobals) = postSolution
		SolutionGuid = {2E068F98-D0C5-4996-8A5C-8D8E354BDCC0}
	EndGlobalSection
EndGlobal
